
Microsoft Visual Studio Solution File, Format Version 12.00
# Visual Studio Version 17
VisualStudioVersion = 17.8.34511.84
MinimumVisualStudioVersion = 10.0.40219.1
Project("{FAE04EC0-301F-11D3-BF4B-00C04F79EFBC}") = "My_Recipe_App_Part1", "My_Recipe_App_Part1\My_Recipe_App_Part1.csproj", "{581B5C2D-07BD-4E83-99E4-96118FDBAB4C}"
EndProject
Global
	GlobalSection(SolutionConfigurationPlatforms) = preSolution
		Debug|Any CPU = Debug|Any CPU
		Release|Any CPU = Release|Any CPU
	EndGlobalSection
	GlobalSection(ProjectConfigurationPlatforms) = postSolution
		{581B5C2D-07BD-4E83-99E4-96118FDBAB4C}.Debug|Any CPU.ActiveCfg = Debug|Any CPU
		{581B5C2D-07BD-4E83-99E4-96118FDBAB4C}.Debug|Any CPU.Build.0 = Debug|Any CPU
		{581B5C2D-07BD-4E83-99E4-96118FDBAB4C}.Release|Any CPU.ActiveCfg = Release|Any CPU
		{581B5C2D-07BD-4E83-99E4-96118FDBAB4C}.Release|Any CPU.Build.0 = Release|Any CPU
	EndGlobalSection
	GlobalSection(SolutionProperties) = preSolution
		HideSolutionNode = FALSE
	EndGlobalSection
	GlobalSection(ExtensibilityGlobals) = postSolution
		SolutionGuid = {CF45D97D-147A-47BC-9BD3-B3F34500A65A}
	EndGlobalSection
EndGlobal
